# THIS IS AN AUTOGENERATED FILE. DO NOT EDIT THIS FILE DIRECTLY.
# yarn lockfile v1


react-native-ionicons@^4.6.5:
  version "4.6.5"
  resolved "https://registry.yarnpkg.com/react-native-ionicons/-/react-native-ionicons-4.6.5.tgz#b792ec8896381e67ff237eba955e38afe7ceb7a4"
  integrity sha512-s2Ia7M5t609LE9LWygMj3ALVPUlKhK7R9XcMb67fP4EYJv0oLcwg5pc+8ftv9XXaUuTW/WgL3zJlBYxAvtvMJg==

react-native-pager@^0.0.3:
  version "0.0.3"
  resolved "https://registry.yarnpkg.com/react-native-pager/-/react-native-pager-0.0.3.tgz#9f8bb5cf6a5f4604dcba27783196712c17bc6c43"
  integrity sha512-CLD5Z/uPEzfYddMZxFuAyamrbTP/XJ2W0I0VQj7q3XjOhzaO1kUpk2mUoZzr352EQm5wHRTgi/MkubR9P/0Isw==
